// !$*UTF8*$!
{
	archiveVersion = 1;
	classes = {
	};
	objectVersion = 46;
	objects = {

/* Begin PBXBuildFile section */
		F01633F21F463C2C0045503C /* AppDelegate.swift in Sources */ = {isa = PBXBuildFile; fileRef = F01633F11F463C2C0045503C /* AppDelegate.swift */; };
		F01633F41F463C2D0045503C /* ViewController.swift in Sources */ = {isa = PBXBuildFile; fileRef = F01633F31F463C2D0045503C /* ViewController.swift */; };
		F01633F71F463C2D0045503C /* Main.storyboard in Resources */ = {isa = PBXBuildFile; fileRef = F01633F51F463C2D0045503C /* Main.storyboard */; };
		F01633F91F463C2D0045503C /* Assets.xcassets in Resources */ = {isa = PBXBuildFile; fileRef = F01633F81F463C2D0045503C /* Assets.xcassets */; };
		F01633FC1F463C2D0045503C /* LaunchScreen.storyboard in Resources */ = {isa = PBXBuildFile; fileRef = F01633FA1F463C2D0045503C /* LaunchScreen.storyboard */; };
		F01634071F463C2D0045503C /* SwipeGestureRecTests.swift in Sources */ = {isa = PBXBuildFile; fileRef = F01634061F463C2D0045503C /* SwipeGestureRecTests.swift */; };
		F01634121F463C2D0045503C /* SwipeGestureRecUITests.swift in Sources */ = {isa = PBXBuildFile; fileRef = F01634111F463C2D0045503C /* SwipeGestureRecUITests.swift */; };
/* End PBXBuildFile section */

/* Begin PBXContainerItemProxy section */
		F01634031F463C2D0045503C /* PBXContainerItemProxy */ = {
			isa = PBXContainerItemProxy;
			containerPortal = F01633E61F463C2C0045503C /* Project object */;
			proxyType = 1;
			remoteGlobalIDString = F01633ED1F463C2C0045503C;
			remoteInfo = SwipeGestureRec;
		};
		F016340E1F463C2D0045503C /* PBXContainerItemProxy */ = {
			isa = PBXContainerItemProxy;
			containerPortal = F01633E61F463C2C0045503C /* Project object */;
			proxyType = 1;
			remoteGlobalIDString = F01633ED1F463C2C0045503C;
			remoteInfo = SwipeGestureRec;
		};
/* End PBXContainerItemProxy section */

/* Begin PBXFileReference section */
		F01633EE1F463C2C0045503C /* SwipeGestureRec.app */ = {isa = PBXFileReference; explicitFileType = wrapper.application; includeInIndex = 0; path = SwipeGestureRec.app; sourceTree = BUILT_PRODUCTS_DIR; };
		F01633F11F463C2C0045503C /* AppDelegate.swift */ = {isa = PBXFileReference; lastKnownFileType = sourcecode.swift; path = AppDelegate.swift; sourceTree = "<group>"; };
		F01633F31F463C2D0045503C /* ViewController.swift */ = {isa = PBXFileReference; lastKnownFileType = sourcecode.swift; path = ViewController.swift; sourceTree = "<group>"; };
		F01633F61F463C2D0045503C /* Base */ = {isa = PBXFileReference; lastKnownFileType = file.storyboard; name = Base; path = Base.lproj/Main.storyboard; sourceTree = "<group>"; };
		F01633F81F463C2D0045503C /* Assets.xcassets */ = {isa = PBXFileReference; lastKnownFileType = folder.assetcatalog; path = Assets.xcassets; sourceTree = "<group>"; };
		F01633FB1F463C2D0045503C /* Base */ = {isa = PBXFileReference; lastKnownFileType = file.storyboard; name = Base; path = Base.lproj/LaunchScreen.storyboard; sourceTree = "<group>"; };
		F01633FD1F463C2D0045503C /* Info.plist */ = {isa = PBXFileReference; lastKnownFileType = text.plist.xml; path = Info.plist; sourceTree = "<group>"; };
		F01634021F463C2D0045503C /* SwipeGestureRecTests.xctest */ = {isa = PBXFileReference; explicitFileType = wrapper.cfbundle; includeInIndex = 0; path = SwipeGestureRecTests.xctest; sourceTree = BUILT_PRODUCTS_DIR; };
		F01634061F463C2D0045503C /* SwipeGestureRecTests.swift */ = {isa = PBXFileReference; lastKnownFileType = sourcecode.swift; path = SwipeGestureRecTests.swift; sourceTree = "<group>"; };
		F01634081F463C2D0045503C /* Info.plist */ = {isa = PBXFileReference; lastKnownFileType = text.plist.xml; path = Info.plist; sourceTree = "<group>"; };
		F016340D1F463C2D0045503C /* SwipeGestureRecUITests.xctest */ = {isa = PBXFileReference; explicitFileType = wrapper.cfbundle; includeInIndex = 0; path = SwipeGestureRecUITests.xctest; sourceTree = BUILT_PRODUCTS_DIR; };
		F01634111F463C2D0045503C /* SwipeGestureRecUITests.swift */ = {isa = PBXFileReference; lastKnownFileType = sourcecode.swift; path = SwipeGestureRecUITests.swift; sourceTree = "<group>"; };
		F01634131F463C2D0045503C /* Info.plist */ = {isa = PBXFileReference; lastKnownFileType = text.plist.xml; path = Info.plist; sourceTree = "<group>"; };
/* End PBXFileReference section */

/* Begin PBXFrameworksBuildPhase section */
		F01633EB1F463C2C0045503C /* Frameworks */ = {
			isa = PBXFrameworksBuildPhase;
			buildActionMask = 2147483647;
			files = (
			);
			runOnlyForDeploymentPostprocessing = 0;
		};
		F01633FF1F463C2D0045503C /* Frameworks */ = {
			isa = PBXFrameworksBuildPhase;
			buildActionMask = 2147483647;
			files = (
			);
			runOnlyForDeploymentPostprocessing = 0;
		};
		F016340A1F463C2D0045503C /* Frameworks */ = {
			isa = PBXFrameworksBuildPhase;
			buildActionMask = 2147483647;
			files = (
			);
			runOnlyForDeploymentPostprocessing = 0;
		};
/* End PBXFrameworksBuildPhase section */

/* Begin PBXGroup section */
		F01633E51F463C2C0045503C = {
			isa = PBXGroup;
			children = (
				F01633F01F463C2C0045503C /* SwipeGestureRec */,
				F01634051F463C2D0045503C /* SwipeGestureRecTests */,
				F01634101F463C2D0045503C /* SwipeGestureRecUITests */,
				F01633EF1F463C2C0045503C /* Products */,
			);
			sourceTree = "<group>";
		};
		F01633EF1F463C2C0045503C /* Products */ = {
			isa = PBXGroup;
			children = (
				F01633EE1F463C2C0045503C /* SwipeGestureRec.app */,
				F01634021F463C2D0045503C /* SwipeGestureRecTests.xctest */,
				F016340D1F463C2D0045503C /* SwipeGestureRecUITests.xctest */,
			);
			name = Products;
			sourceTree = "<group>";
		};
		F01633F01F463C2C0045503C /* SwipeGestureRec */ = {
			isa = PBXGroup;
			children = (
				F01633F11F463C2C0045503C /* AppDelegate.swift */,
				F01633F31F463C2D0045503C /* ViewController.swift */,
				F01633F51F463C2D0045503C /* Main.storyboard */,
				F01633F81F463C2D0045503C /* Assets.xcassets */,
				F01633FA1F463C2D0045503C /* LaunchScreen.storyboard */,
				F01633FD1F463C2D0045503C /* Info.plist */,
			);
			path = SwipeGestureRec;
			sourceTree = "<group>";
		};
		F01634051F463C2D0045503C /* SwipeGestureRecTests */ = {
			isa = PBXGroup;
			children = (
				F01634061F463C2D0045503C /* SwipeGestureRecTests.swift */,
				F01634081F463C2D0045503C /* Info.plist */,
			);
			path = SwipeGestureRecTests;
			sourceTree = "<group>";
		};
		F01634101F463C2D0045503C /* SwipeGestureRecUITests */ = {
			isa = PBXGroup;
			children = (
				F01634111F463C2D0045503C /* SwipeGestureRecUITests.swift */,
				F01634131F463C2D0045503C /* Info.plist */,
			);
			path = SwipeGestureRecUITests;
			sourceTree = "<group>";
		};
/* End PBXGroup section */

/* Begin PBXNativeTarget section */
		F01633ED1F463C2C0045503C /* SwipeGestureRec */ = {
			isa = PBXNativeTarget;
			buildConfigurationList = F01634161F463C2D0045503C /* Build configuration list for PBXNativeTarget "SwipeGestureRec" */;
			buildPhases = (
				F01633EA1F463C2C0045503C /* Sources */,
				F01633EB1F463C2C0045503C /* Frameworks */,
				F01633EC1F463C2C0045503C /* Resources */,
			);
			buildRules = (
			);
			dependencies = (
			);
			name = SwipeGestureRec;
			productName = SwipeGestureRec;
			productReference = F01633EE1F463C2C0045503C /* SwipeGestureRec.app */;
			productType = "com.apple.product-type.application";
		};
		F01634011F463C2D0045503C /* SwipeGestureRecTests */ = {
			isa = PBXNativeTarget;
			buildConfigurationList = F01634191F463C2D0045503C /* Build configuration list for PBXNativeTarget "SwipeGestureRecTests" */;
			buildPhases = (
				F01633FE1F463C2D0045503C /* Sources */,
				F01633FF1F463C2D0045503C /* Frameworks */,
				F01634001F463C2D0045503C /* Resources */,
			);
			buildRules = (
			);
			dependencies = (
				F01634041F463C2D0045503C /* PBXTargetDependency */,
			);
			name = SwipeGestureRecTests;
			productName = SwipeGestureRecTests;
			productReference = F01634021F463C2D0045503C /* SwipeGestureRecTests.xctest */;
			productType = "com.apple.product-type.bundle.unit-test";
		};
		F016340C1F463C2D0045503C /* SwipeGestureRecUITests */ = {
			isa = PBXNativeTarget;
			buildConfigurationList = F016341C1F463C2D0045503C /* Build configuration list for PBXNativeTarget "SwipeGestureRecUITests" */;
			buildPhases = (
				F01634091F463C2D0045503C /* Sources */,
				F016340A1F463C2D0045503C /* Frameworks */,
				F016340B1F463C2D0045503C /* Resources */,
			);
			buildRules = (
			);
			dependencies = (
				F016340F1F463C2D0045503C /* PBXTargetDependency */,
			);
			name = SwipeGestureRecUITests;
			productName = SwipeGestureRecUITests;
			productReference = F016340D1F463C2D0045503C /* SwipeGestureRecUITests.xctest */;
			productType = "com.apple.product-type.bundle.ui-testing";
		};
/* End PBXNativeTarget section */

/* Begin PBXProject section */
		F01633E61F463C2C0045503C /* Project object */ = {
			isa = PBXProject;
			attributes = {
				LastSwiftUpdateCheck = 0830;
				LastUpgradeCheck = 0830;
				ORGANIZATIONNAME = "SapienSolutions, LLC.";
				TargetAttributes = {
					F01633ED1F463C2C0045503C = {
						CreatedOnToolsVersion = 8.3.3;
						DevelopmentTeam = 8FDY9X7LE8;
						ProvisioningStyle = Automatic;
					};
					F01634011F463C2D0045503C = {
						CreatedOnToolsVersion = 8.3.3;
						DevelopmentTeam = 8FDY9X7LE8;
						ProvisioningStyle = Automatic;
						TestTargetID = F01633ED1F463C2C0045503C;
					};
					F016340C1F463C2D0045503C = {
						CreatedOnToolsVersion = 8.3.3;
						DevelopmentTeam = 8FDY9X7LE8;
						ProvisioningStyle = Automatic;
						TestTargetID = F01633ED1F463C2C0045503C;
					};
				};
			};
			buildConfigurationList = F01633E91F463C2C0045503C /* Build configuration list for PBXProject "SwipeGestureRec" */;
			compatibilityVersion = "Xcode 3.2";
			developmentRegion = English;
			hasScannedForEncodings = 0;
			knownRegions = (
				en,
				Base,
			);
			mainGroup = F01633E51F463C2C0045503C;
			productRefGroup = F01633EF1F463C2C0045503C /* Products */;
			projectDirPath = "";
			projectRoot = "";
			targets = (
				F01633ED1F463C2C0045503C /* SwipeGestureRec */,
				F01634011F463C2D0045503C /* SwipeGestureRecTests */,
				F016340C1F463C2D0045503C /* SwipeGestureRecUITests */,
			);
		};
/* End PBXProject section */

/* Begin PBXResourcesBuildPhase section */
		F01633EC1F463C2C0045503C /* Resources */ = {
			isa = PBXResourcesBuildPhase;
			buildActionMask = 2147483647;
			files = (
				F01633FC1F463C2D0045503C /* LaunchScreen.storyboard in Resources */,
				F01633F91F463C2D0045503C /* Assets.xcassets in Resources */,
				F01633F71F463C2D0045503C /* Main.storyboard in Resources */,
			);
			runOnlyForDeploymentPostprocessing = 0;
		};
		F01634001F463C2D0045503C /* Resources */ = {
			isa = PBXResourcesBuildPhase;
			buildActionMask = 2147483647;
			files = (
			);
			runOnlyForDeploymentPostprocessing = 0;
		};
		F016340B1F463C2D0045503C /* Resources */ = {
			isa = PBXResourcesBuildPhase;
			buildActionMask = 2147483647;
			files = (
			);
			runOnlyForDeploymentPostprocessing = 0;
		};
/* End PBXResourcesBuildPhase section */

/* Begin PBXSourcesBuildPhase section */
		F01633EA1F463C2C0045503C /* Sources */ = {
			isa = PBXSourcesBuildPhase;
			buildActionMask = 2147483647;
			files = (
				F01633F41F463C2D0045503C /* ViewController.swift in Sources */,
				F01633F21F463C2C0045503C /* AppDelegate.swift in Sources */,
			);
			runOnlyForDeploymentPostprocessing = 0;
		};
		F01633FE1F463C2D0045503C /* Sources */ = {
			isa = PBXSourcesBuildPhase;
			buildActionMask = 2147483647;
			files = (
				F01634071F463C2D0045503C /* SwipeGestureRecTests.swift in Sources */,
			);
			runOnlyForDeploymentPostprocessing = 0;
		};
		F01634091F463C2D0045503C /* Sources */ = {
			isa = PBXSourcesBuildPhase;
			buildActionMask = 2147483647;
			files = (
				F01634121F463C2D0045503C /* SwipeGestureRecUITests.swift in Sources */,
			);
			runOnlyForDeploymentPostprocessing = 0;
		};
/* End PBXSourcesBuildPhase section */

/* Begin PBXTargetDependency section */
		F01634041F463C2D0045503C /* PBXTargetDependency */ = {
			isa = PBXTargetDependency;
			target = F01633ED1F463C2C0045503C /* SwipeGestureRec */;
			targetProxy = F01634031F463C2D0045503C /* PBXContainerItemProxy */;
		};
		F016340F1F463C2D0045503C /* PBXTargetDependency */ = {
			isa = PBXTargetDependency;
			target = F01633ED1F463C2C0045503C /* SwipeGestureRec */;
			targetProxy = F016340E1F463C2D0045503C /* PBXContainerItemProxy */;
		};
/* End PBXTargetDependency section */

/* Begin PBXVariantGroup section */
		F01633F51F463C2D0045503C /* Main.storyboard */ = {
			isa = PBXVariantGroup;
			children = (
				F01633F61F463C2D0045503C /* Base */,
			);
			name = Main.storyboard;
			sourceTree = "<group>";
		};
		F01633FA1F463C2D0045503C /* LaunchScreen.storyboard */ = {
			isa = PBXVariantGroup;
			children = (
				F01633FB1F463C2D0045503C /* Base */,
			);
			name = LaunchScreen.storyboard;
			sourceTree = "<group>";
		};
/* End PBXVariantGroup section */

/* Begin XCBuildConfiguration section */
		F01634141F463C2D0045503C /* Debug */ = {
			isa = XCBuildConfiguration;
			buildSettings = {
				ALWAYS_SEARCH_USER_PATHS = NO;
				CLANG_ANALYZER_NONNULL = YES;
				CLANG_ANALYZER_NUMBER_OBJECT_CONVERSION = YES_AGGRESSIVE;
				CLANG_CXX_LANGUAGE_STANDARD = "gnu++0x";
				CLANG_CXX_LIBRARY = "libc++";
				CLANG_ENABLE_MODULES = YES;
				CLANG_ENABLE_OBJC_ARC = YES;
				CLANG_WARN_BOOL_CONVERSION = YES;
				CLANG_WARN_CONSTANT_CONVERSION = YES;
				CLANG_WARN_DIRECT_OBJC_ISA_USAGE = YES_ERROR;
				CLANG_WARN_DOCUMENTATION_COMMENTS = YES;
				CLANG_WARN_EMPTY_BODY = YES;
				CLANG_WARN_ENUM_CONVERSION = YES;
				CLANG_WARN_INFINITE_RECURSION = YES;
				CLANG_WARN_INT_CONVERSION = YES;
				CLANG_WARN_OBJC_ROOT_CLASS = YES_ERROR;
				CLANG_WARN_SUSPICIOUS_MOVE = YES;
				CLANG_WARN_UNREACHABLE_CODE = YES;
				CLANG_WARN__DUPLICATE_METHOD_MATCH = YES;
				"CODE_SIGN_IDENTITY[sdk=iphoneos*]" = "iPhone Developer";
				COPY_PHASE_STRIP = NO;
				DEBUG_INFORMATION_FORMAT = dwarf;
				ENABLE_STRICT_OBJC_MSGSEND = YES;
				ENABLE_TESTABILITY = YES;
				GCC_C_LANGUAGE_STANDARD = gnu99;
				GCC_DYNAMIC_NO_PIC = NO;
				GCC_NO_COMMON_BLOCKS = YES;
				GCC_OPTIMIZATION_LEVEL = 0;
				GCC_PREPROCESSOR_DEFINITIONS = (
					"DEBUG=1",
					"$(inherited)",
				);
				GCC_WARN_64_TO_32_BIT_CONVERSION = YES;
				GCC_WARN_ABOUT_RETURN_TYPE = YES_ERROR;
				GCC_WARN_UNDECLARED_SELECTOR = YES;
				GCC_WARN_UNINITIALIZED_AUTOS = YES_AGGRESSIVE;
				GCC_WARN_UNUSED_FUNCTION = YES;
				GCC_WARN_UNUSED_VARIABLE = YES;
				IPHONEOS_DEPLOYMENT_TARGET = 10.3;
				MTL_ENABLE_DEBUG_INFO = YES;
				ONLY_ACTIVE_ARCH = YES;
				SDKROOT = iphoneos;
				SWIFT_ACTIVE_COMPILATION_CONDITIONS = DEBUG;
				SWIFT_OPTIMIZATION_LEVEL = "-Onone";
				TARGETED_DEVICE_FAMILY = "1,2";
			};
			name = Debug;
		};
		F01634151F463C2D0045503C /* Release */ = {
			isa = XCBuildConfiguration;
			buildSettings = {
				ALWAYS_SEARCH_USER_PATHS = NO;
				CLANG_ANALYZER_NONNULL = YES;
				CLANG_ANALYZER_NUMBER_OBJECT_CONVERSION = YES_AGGRESSIVE;
				CLANG_CXX_LANGUAGE_STANDARD = "gnu++0x";
				CLANG_CXX_LIBRARY = "libc++";
				CLANG_ENABLE_MODULES = YES;
				CLANG_ENABLE_OBJC_ARC = YES;
				CLANG_WARN_BOOL_CONVERSION = YES;
				CLANG_WARN_CONSTANT_CONVERSION = YES;
				CLANG_WARN_DIRECT_OBJC_ISA_USAGE = YES_ERROR;
				CLANG_WARN_DOCUMENTATION_COMMENTS = YES;
				CLANG_WARN_EMPTY_BODY = YES;
				CLANG_WARN_ENUM_CONVERSION = YES;
				CLANG_WARN_INFINITE_RECURSION = YES;
				CLANG_WARN_INT_CONVERSION = YES;
				CLANG_WARN_OBJC_ROOT_CLASS = YES_ERROR;
				CLANG_WARN_SUSPICIOUS_MOVE = YES;
				CLANG_WARN_UNREACHABLE_CODE = YES;
				CLANG_WARN__DUPLICATE_METHOD_MATCH = YES;
				"CODE_SIGN_IDENTITY[sdk=iphoneos*]" = "iPhone Developer";
				COPY_PHASE_STRIP = NO;
				DEBUG_INFORMATION_FORMAT = "dwarf-with-dsym";
				ENABLE_NS_ASSERTIONS = NO;
				ENABLE_STRICT_OBJC_MSGSEND = YES;
				GCC_C_LANGUAGE_STANDARD = gnu99;
				GCC_NO_COMMON_BLOCKS = YES;
				GCC_WARN_64_TO_32_BIT_CONVERSION = YES;
				GCC_WARN_ABOUT_RETURN_TYPE = YES_ERROR;
				GCC_WARN_UNDECLARED_SELECTOR = YES;
				GCC_WARN_UNINITIALIZED_AUTOS = YES_AGGRESSIVE;
				GCC_WARN_UNUSED_FUNCTION = YES;
				GCC_WARN_UNUSED_VARIABLE = YES;
				IPHONEOS_DEPLOYMENT_TARGET = 10.3;
				MTL_ENABLE_DEBUG_INFO = NO;
				SDKROOT = iphoneos;
				SWIFT_OPTIMIZATION_LEVEL = "-Owholemodule";
				TARGETED_DEVICE_FAMILY = "1,2";
				VALIDATE_PRODUCT = YES;
			};
			name = Release;
		};
		F01634171F463C2D0045503C /* Debug */ = {
			isa = XCBuildConfiguration;
			buildSettings = {
				ASSETCATALOG_COMPILER_APPICON_NAME = AppIcon;
				DEVELOPMENT_TEAM = 8FDY9X7LE8;
				INFOPLIST_FILE = SwipeGestureRec/Info.plist;
				LD_RUNPATH_SEARCH_PATHS = "$(inherited) @executable_path/Frameworks";
				PRODUCT_BUNDLE_IDENTIFIER = SS.SwipeGestureRec;
				PRODUCT_NAME = "$(TARGET_NAME)";
				SWIFT_VERSION = 3.0;
			};
			name = Debug;
		};
		F01634181F463C2D0045503C /* Release */ = {
			isa = XCBuildConfiguration;
			buildSettings = {
				ASSETCATALOG_COMPILER_APPICON_NAME = AppIcon;
				DEVELOPMENT_TEAM = 8FDY9X7LE8;
				INFOPLIST_FILE = SwipeGestureRec/Info.plist;
				LD_RUNPATH_SEARCH_PATHS = "$(inherited) @executable_path/Frameworks";
				PRODUCT_BUNDLE_IDENTIFIER = SS.SwipeGestureRec;
				PRODUCT_NAME = "$(TARGET_NAME)";
				SWIFT_VERSION = 3.0;
			};
			name = Release;
		};
		F016341A1F463C2D0045503C /* Debug */ = {
			isa = XCBuildConfiguration;
			buildSettings = {
				ALWAYS_EMBED_SWIFT_STANDARD_LIBRARIES = YES;
				BUNDLE_LOADER = "$(TEST_HOST)";
				DEVELOPMENT_TEAM = 8FDY9X7LE8;
				INFOPLIST_FILE = SwipeGestureRecTests/Info.plist;
				LD_RUNPATH_SEARCH_PATHS = "$(inherited) @executable_path/Frameworks @loader_path/Frameworks";
				PRODUCT_BUNDLE_IDENTIFIER = SS.SwipeGestureRecTests;
				PRODUCT_NAME = "$(TARGET_NAME)";
				SWIFT_VERSION = 3.0;
				TEST_HOST = "$(BUILT_PRODUCTS_DIR)/SwipeGestureRec.app/SwipeGestureRec";
			};
			name = Debug;
		};
		F016341B1F463C2D0045503C /* Release */ = {
			isa = XCBuildConfiguration;
			buildSettings = {
				ALWAYS_EMBED_SWIFT_STANDARD_LIBRARIES = YES;
				BUNDLE_LOADER = "$(TEST_HOST)";
				DEVELOPMENT_TEAM = 8FDY9X7LE8;
				INFOPLIST_FILE = SwipeGestureRecTests/Info.plist;
				LD_RUNPATH_SEARCH_PATHS = "$(inherited) @executable_path/Frameworks @loader_path/Frameworks";
				PRODUCT_BUNDLE_IDENTIFIER = SS.SwipeGestureRecTests;
				PRODUCT_NAME = "$(TARGET_NAME)";
				SWIFT_VERSION = 3.0;
				TEST_HOST = "$(BUILT_PRODUCTS_DIR)/SwipeGestureRec.app/SwipeGestureRec";
			};
			name = Release;
		};
		F016341D1F463C2D0045503C /* Debug */ = {
			isa = XCBuildConfiguration;
			buildSettings = {
				ALWAYS_EMBED_SWIFT_STANDARD_LIBRARIES = YES;
				DEVELOPMENT_TEAM = 8FDY9X7LE8;
				INFOPLIST_FILE = SwipeGestureRecUITests/Info.plist;
				LD_RUNPATH_SEARCH_PATHS = "$(inherited) @executable_path/Frameworks @loader_path/Frameworks";
				PRODUCT_BUNDLE_IDENTIFIER = SS.SwipeGestureRecUITests;
				PRODUCT_NAME = "$(TARGET_NAME)";
				SWIFT_VERSION = 3.0;
				TEST_TARGET_NAME = SwipeGestureRec;
			};
			name = Debug;
		};
		F016341E1F463C2D0045503C /* Release */ = {
			isa = XCBuildConfiguration;
			buildSettings = {
				ALWAYS_EMBED_SWIFT_STANDARD_LIBRARIES = YES;
				DEVELOPMENT_TEAM = 8FDY9X7LE8;
				INFOPLIST_FILE = SwipeGestureRecUITests/Info.plist;
				LD_RUNPATH_SEARCH_PATHS = "$(inherited) @executable_path/Frameworks @loader_path/Frameworks";
				PRODUCT_BUNDLE_IDENTIFIER = SS.SwipeGestureRecUITests;
				PRODUCT_NAME = "$(TARGET_NAME)";
				SWIFT_VERSION = 3.0;
				TEST_TARGET_NAME = SwipeGestureRec;
			};
			name = Release;
		};
/* End XCBuildConfiguration section */

/* Begin XCConfigurationList section */
		F01633E91F463C2C0045503C /* Build configuration list for PBXProject "SwipeGestureRec" */ = {
			isa = XCConfigurationList;
			buildConfigurations = (
				F01634141F463C2D0045503C /* Debug */,
				F01634151F463C2D0045503C /* Release */,
			);
			defaultConfigurationIsVisible = 0;
			defaultConfigurationName = Release;
		};
		F01634161F463C2D0045503C /* Build configuration list for PBXNativeTarget "SwipeGestureRec" */ = {
			isa = XCConfigurationList;
			buildConfigurations = (
				F01634171F463C2D0045503C /* Debug */,
				F01634181F463C2D0045503C /* Release */,
			);
			defaultConfigurationIsVisible = 0;
		};
		F01634191F463C2D0045503C /* Build configuration list for PBXNativeTarget "SwipeGestureRecTests" */ = {
			isa = XCConfigurationList;
			buildConfigurations = (
				F016341A1F463C2D0045503C /* Debug */,
				F016341B1F463C2D0045503C /* Release */,
			);
			defaultConfigurationIsVisible = 0;
		};
		F016341C1F463C2D0045503C /* Build configuration list for PBXNativeTarget "SwipeGestureRecUITests" */ = {
			isa = XCConfigurationList;
			buildConfigurations = (
				F016341D1F463C2D0045503C /* Debug */,
				F016341E1F463C2D0045503C /* Release */,
			);
			defaultConfigurationIsVisible = 0;
		};
/* End XCConfigurationList section */
	};
	rootObject = F01633E61F463C2C0045503C /* Project object */;
}
